
Microsoft Visual Studio Solution File, Format Version 12.00
# Visual Studio 15
VisualStudioVersion = 15.0.28307.572
MinimumVisualStudioVersion = 10.0.40219.1
Project("{FAE04EC0-301F-11D3-BF4B-00C04F79EFBC}") = "HypervApp", "HypervApp\HypervApp.csproj", "{133D4DD9-1DCF-45EF-B1D2-A5A7FE8502FB}"
EndProject
Global
	GlobalSection(SolutionConfigurationPlatforms) = preSolution
		Debug|Any CPU = Debug|Any CPU
		Release|Any CPU = Release|Any CPU
	EndGlobalSection
	GlobalSection(ProjectConfigurationPlatforms) = postSolution
		{133D4DD9-1DCF-45EF-B1D2-A5A7FE8502FB}.Debug|Any CPU.ActiveCfg = Debug|Any CPU
		{133D4DD9-1DCF-45EF-B1D2-A5A7FE8502FB}.Debug|Any CPU.Build.0 = Debug|Any CPU
		{133D4DD9-1DCF-45EF-B1D2-A5A7FE8502FB}.Release|Any CPU.ActiveCfg = Release|Any CPU
		{133D4DD9-1DCF-45EF-B1D2-A5A7FE8502FB}.Release|Any CPU.Build.0 = Release|Any CPU
	EndGlobalSection
	GlobalSection(SolutionProperties) = preSolution
		HideSolutionNode = FALSE
	EndGlobalSection
	GlobalSection(ExtensibilityGlobals) = postSolution
		SolutionGuid = {799AC396-CA54-45D5-9339-C5396566B350}
	EndGlobalSection
EndGlobal
